
Microsoft Visual Studio Solution File, Format Version 12.00
# Visual Studio 15
VisualStudioVersion = 15.0.27004.2002
MinimumVisualStudioVersion = 10.0.40219.1
Project("{FAE04EC0-301F-11D3-BF4B-00C04F79EFBC}") = "IBO.OOP10-INTERFACES[ARAYUZ]", "IBO.OOP10-INTERFACES[ARAYUZ].csproj", "{5820C10C-0248-4689-88F3-4A7C2B9EDD98}"
EndProject
Global
	GlobalSection(SolutionConfigurationPlatforms) = preSolution
		Debug|Any CPU = Debug|Any CPU
		Release|Any CPU = Release|Any CPU
	EndGlobalSection
	GlobalSection(ProjectConfigurationPlatforms) = postSolution
		{5820C10C-0248-4689-88F3-4A7C2B9EDD98}.Debug|Any CPU.ActiveCfg = Debug|Any CPU
		{5820C10C-0248-4689-88F3-4A7C2B9EDD98}.Debug|Any CPU.Build.0 = Debug|Any CPU
		{5820C10C-0248-4689-88F3-4A7C2B9EDD98}.Release|Any CPU.ActiveCfg = Release|Any CPU
		{5820C10C-0248-4689-88F3-4A7C2B9EDD98}.Release|Any CPU.Build.0 = Release|Any CPU
	EndGlobalSection
	GlobalSection(SolutionProperties) = preSolution
		HideSolutionNode = FALSE
	EndGlobalSection
	GlobalSection(ExtensibilityGlobals) = postSolution
		SolutionGuid = {9A1675BA-5C8B-4C5C-8FBB-D7922988A2D9}
	EndGlobalSection
EndGlobal
