
Microsoft Visual Studio Solution File, Format Version 12.00
# Visual Studio 15
VisualStudioVersion = 15.0.27004.2002
MinimumVisualStudioVersion = 10.0.40219.1
Project("{FAE04EC0-301F-11D3-BF4B-00C04F79EFBC}") = "BESIKTAS SINIFI-INTERFACE", "BESIKTAS SINIFI-INTERFACE.csproj", "{5A83EA19-098A-4205-AF1D-D2CF4A9D2F2B}"
EndProject
Global
	GlobalSection(SolutionConfigurationPlatforms) = preSolution
		Debug|Any CPU = Debug|Any CPU
		Release|Any CPU = Release|Any CPU
	EndGlobalSection
	GlobalSection(ProjectConfigurationPlatforms) = postSolution
		{5A83EA19-098A-4205-AF1D-D2CF4A9D2F2B}.Debug|Any CPU.ActiveCfg = Debug|Any CPU
		{5A83EA19-098A-4205-AF1D-D2CF4A9D2F2B}.Debug|Any CPU.Build.0 = Debug|Any CPU
		{5A83EA19-098A-4205-AF1D-D2CF4A9D2F2B}.Release|Any CPU.ActiveCfg = Release|Any CPU
		{5A83EA19-098A-4205-AF1D-D2CF4A9D2F2B}.Release|Any CPU.Build.0 = Release|Any CPU
	EndGlobalSection
	GlobalSection(SolutionProperties) = preSolution
		HideSolutionNode = FALSE
	EndGlobalSection
	GlobalSection(ExtensibilityGlobals) = postSolution
		SolutionGuid = {48EB54CB-D70A-4B2E-942C-FC727352452B}
	EndGlobalSection
EndGlobal
