
Microsoft Visual Studio Solution File, Format Version 12.00
# Visual Studio 15
VisualStudioVersion = 15.0.27004.2002
MinimumVisualStudioVersion = 10.0.40219.1
Project("{FAE04EC0-301F-11D3-BF4B-00C04F79EFBC}") = "XML VERI OKUYAK KENDIM YAZIM", "XML VERI OKUYAK KENDIM YAZIM.csproj", "{FDEC861F-5984-4069-8B8D-2D2ADD7A3889}"
EndProject
Global
	GlobalSection(SolutionConfigurationPlatforms) = preSolution
		Debug|Any CPU = Debug|Any CPU
		Release|Any CPU = Release|Any CPU
	EndGlobalSection
	GlobalSection(ProjectConfigurationPlatforms) = postSolution
		{FDEC861F-5984-4069-8B8D-2D2ADD7A3889}.Debug|Any CPU.ActiveCfg = Debug|Any CPU
		{FDEC861F-5984-4069-8B8D-2D2ADD7A3889}.Debug|Any CPU.Build.0 = Debug|Any CPU
		{FDEC861F-5984-4069-8B8D-2D2ADD7A3889}.Release|Any CPU.ActiveCfg = Release|Any CPU
		{FDEC861F-5984-4069-8B8D-2D2ADD7A3889}.Release|Any CPU.Build.0 = Release|Any CPU
	EndGlobalSection
	GlobalSection(SolutionProperties) = preSolution
		HideSolutionNode = FALSE
	EndGlobalSection
	GlobalSection(ExtensibilityGlobals) = postSolution
		SolutionGuid = {97C6DBA1-A52C-40F0-9DE9-52813BD49BE1}
	EndGlobalSection
EndGlobal
